
Microsoft Visual Studio Solution File, Format Version 12.00
# Visual Studio Version 17
VisualStudioVersion = 17.3.32825.248
MinimumVisualStudioVersion = 10.0.40219.1
Project("{9A19103F-16F7-4668-BE54-9A1E7A4F7556}") = "ThunderRegex", "Regex\ThunderRegex.csproj", "{BD6FB44D-75ED-4939-91B4-91D5EACB9AA1}"
EndProject
Global
	GlobalSection(SolutionConfigurationPlatforms) = preSolution
		Debug|Any CPU = Debug|Any CPU
		Release|Any CPU = Release|Any CPU
	EndGlobalSection
	GlobalSection(ProjectConfigurationPlatforms) = postSolution
		{BD6FB44D-75ED-4939-91B4-91D5EACB9AA1}.Debug|Any CPU.ActiveCfg = Debug|Any CPU
		{BD6FB44D-75ED-4939-91B4-91D5EACB9AA1}.Debug|Any CPU.Build.0 = Debug|Any CPU
		{BD6FB44D-75ED-4939-91B4-91D5EACB9AA1}.Release|Any CPU.ActiveCfg = Release|Any CPU
		{BD6FB44D-75ED-4939-91B4-91D5EACB9AA1}.Release|Any CPU.Build.0 = Release|Any CPU
	EndGlobalSection
	GlobalSection(SolutionProperties) = preSolution
		HideSolutionNode = FALSE
	EndGlobalSection
	GlobalSection(ExtensibilityGlobals) = postSolution
		SolutionGuid = {1C9E3B34-74A0-472E-9A7F-ADDFB37DA1EF}
	EndGlobalSection
EndGlobal
